
Microsoft Visual Studio Solution File, Format Version 12.00
# Visual Studio 15
VisualStudioVersion = 15.0.26730.10
MinimumVisualStudioVersion = 10.0.40219.1
Project("{9A19103F-16F7-4668-BE54-9A1E7A4F7556}") = "CodeSanook.Examples.CSharp", "CodeSanook.Examples.CSharp\CodeSanook.Examples.CSharp.csproj", "{48722D1B-4EC0-4924-9C57-4ED333A81769}"
EndProject
Project("{9A19103F-16F7-4668-BE54-9A1E7A4F7556}") = "CodeSanook.Examples.CSharp.Tests", "CodeSanook.Examples.CSharp.Tests\CodeSanook.Examples.CSharp.Tests.csproj", "{548590FC-A10F-42B2-BC77-3D5206247AD1}"
EndProject
Project("{2150E333-8FDC-42A3-9474-1A3956D46DE8}") = "Solution Items", "Solution Items", "{A7F45D8F-CF24-4557-AA43-5BF2E39D66FD}"
	ProjectSection(SolutionItems) = preProject
		.travis.yml = .travis.yml
		README.md = README.md
	EndProjectSection
EndProject
Project("{FAE04EC0-301F-11D3-BF4B-00C04F79EFBC}") = "CodeSanook.Examples.CloudWatchLog", "CodeSanook.Examples.CloudWatchLog\CodeSanook.Examples.CloudWatchLog.csproj", "{C546FBC4-00AD-4BC5-A575-8DB78A3ED3BD}"
EndProject
Project("{FAE04EC0-301F-11D3-BF4B-00C04F79EFBC}") = "CodeSanook.Examples.Async", "CodeSanook.Examples.Async\CodeSanook.Examples.Async.csproj", "{2ABE99F4-7FBB-47E5-AA4D-7246598D5CF1}"
EndProject
Global
	GlobalSection(SolutionConfigurationPlatforms) = preSolution
		Debug|Any CPU = Debug|Any CPU
		Release|Any CPU = Release|Any CPU
	EndGlobalSection
	GlobalSection(ProjectConfigurationPlatforms) = postSolution
		{48722D1B-4EC0-4924-9C57-4ED333A81769}.Debug|Any CPU.ActiveCfg = Debug|Any CPU
		{48722D1B-4EC0-4924-9C57-4ED333A81769}.Debug|Any CPU.Build.0 = Debug|Any CPU
		{48722D1B-4EC0-4924-9C57-4ED333A81769}.Release|Any CPU.ActiveCfg = Release|Any CPU
		{48722D1B-4EC0-4924-9C57-4ED333A81769}.Release|Any CPU.Build.0 = Release|Any CPU
		{548590FC-A10F-42B2-BC77-3D5206247AD1}.Debug|Any CPU.ActiveCfg = Debug|Any CPU
		{548590FC-A10F-42B2-BC77-3D5206247AD1}.Debug|Any CPU.Build.0 = Debug|Any CPU
		{548590FC-A10F-42B2-BC77-3D5206247AD1}.Release|Any CPU.ActiveCfg = Release|Any CPU
		{548590FC-A10F-42B2-BC77-3D5206247AD1}.Release|Any CPU.Build.0 = Release|Any CPU
		{C546FBC4-00AD-4BC5-A575-8DB78A3ED3BD}.Debug|Any CPU.ActiveCfg = Debug|Any CPU
		{C546FBC4-00AD-4BC5-A575-8DB78A3ED3BD}.Debug|Any CPU.Build.0 = Debug|Any CPU
		{C546FBC4-00AD-4BC5-A575-8DB78A3ED3BD}.Release|Any CPU.ActiveCfg = Release|Any CPU
		{C546FBC4-00AD-4BC5-A575-8DB78A3ED3BD}.Release|Any CPU.Build.0 = Release|Any CPU
		{2ABE99F4-7FBB-47E5-AA4D-7246598D5CF1}.Debug|Any CPU.ActiveCfg = Debug|Any CPU
		{2ABE99F4-7FBB-47E5-AA4D-7246598D5CF1}.Debug|Any CPU.Build.0 = Debug|Any CPU
		{2ABE99F4-7FBB-47E5-AA4D-7246598D5CF1}.Release|Any CPU.ActiveCfg = Release|Any CPU
		{2ABE99F4-7FBB-47E5-AA4D-7246598D5CF1}.Release|Any CPU.Build.0 = Release|Any CPU
	EndGlobalSection
	GlobalSection(SolutionProperties) = preSolution
		HideSolutionNode = FALSE
	EndGlobalSection
	GlobalSection(ExtensibilityGlobals) = postSolution
		SolutionGuid = {4CE537B8-7BF9-4C44-B058-C68AF964D2D0}
	EndGlobalSection
EndGlobal
