
Microsoft Visual Studio Solution File, Format Version 12.00
# Visual Studio 15
VisualStudioVersion = 15.0.26730.10
MinimumVisualStudioVersion = 10.0.40219.1
Project("{9A19103F-16F7-4668-BE54-9A1E7A4F7556}") = "CodeSanook.Examples.CSharp", "CodeSanook.Examples.CSharp\CodeSanook.Examples.CSharp.csproj", "{48722D1B-4EC0-4924-9C57-4ED333A81769}"
EndProject
Project("{9A19103F-16F7-4668-BE54-9A1E7A4F7556}") = "CodeSanook.Examples.CSharp.Tests", "CodeSanook.Examples.CSharp.Tests\CodeSanook.Examples.CSharp.Tests.csproj", "{548590FC-A10F-42B2-BC77-3D5206247AD1}"
EndProject
Project("{2150E333-8FDC-42A3-9474-1A3956D46DE8}") = "Solution Items", "Solution Items", "{A7F45D8F-CF24-4557-AA43-5BF2E39D66FD}"
	ProjectSection(SolutionItems) = preProject
		.travis.yml = .travis.yml
		README.md = README.md
	EndProjectSection
EndProject
Project("{FAE04EC0-301F-11D3-BF4B-00C04F79EFBC}") = "CodeSanook.Examples.Async", "CodeSanook.Examples.Async\CodeSanook.Examples.Async.csproj", "{2ABE99F4-7FBB-47E5-AA4D-7246598D5CF1}"
EndProject
Project("{FAE04EC0-301F-11D3-BF4B-00C04F79EFBC}") = "CodeSanook.EmailValidation", "CodeSanook.EmailValidation\CodeSanook.EmailValidation.csproj", "{3F4F9412-FBA9-45FA-8E21-8232B43E0636}"
EndProject
Project("{FAE04EC0-301F-11D3-BF4B-00C04F79EFBC}") = "CodeSanook.GoogleMarketApi", "CodeSanook.GoogleMarketApi\CodeSanook.GoogleMarketApi.csproj", "{66E8EE9F-1FEA-401E-90F3-722C0B8CB393}"
EndProject
Project("{FAE04EC0-301F-11D3-BF4B-00C04F79EFBC}") = "CodeSanook.Examples.EntityFramework", "CodeSanook.Examples.EntityFramework\CodeSanook.Examples.EntityFramework.csproj", "{0459D062-7651-4887-B799-ED3902016981}"
EndProject
Project("{FAE04EC0-301F-11D3-BF4B-00C04F79EFBC}") = "CodeSanook.Examples.NodeFromCLR", "CodeSanook.Examples.NodeFromCLR\CodeSanook.Examples.NodeFromCLR.csproj", "{13495863-05F1-43DA-89C9-125344A344BD}"
EndProject
Project("{FAE04EC0-301F-11D3-BF4B-00C04F79EFBC}") = "ReactServerSideRendering", "ReactServerSideRendering\ReactServerSideRendering.csproj", "{FA05C094-627A-4057-AA2E-5A72743B0CC7}"
EndProject
Project("{FAE04EC0-301F-11D3-BF4B-00C04F79EFBC}") = "CodeSanook.Examples.Sql", "CodeSanook.Examples.Sql\CodeSanook.Examples.Sql.csproj", "{F470B7EC-600D-4C79-9C75-E1B4176B4959}"
EndProject
Global
	GlobalSection(SolutionConfigurationPlatforms) = preSolution
		Debug|Any CPU = Debug|Any CPU
		Release|Any CPU = Release|Any CPU
	EndGlobalSection
	GlobalSection(ProjectConfigurationPlatforms) = postSolution
		{48722D1B-4EC0-4924-9C57-4ED333A81769}.Debug|Any CPU.ActiveCfg = Debug|Any CPU
		{48722D1B-4EC0-4924-9C57-4ED333A81769}.Debug|Any CPU.Build.0 = Debug|Any CPU
		{48722D1B-4EC0-4924-9C57-4ED333A81769}.Release|Any CPU.ActiveCfg = Release|Any CPU
		{48722D1B-4EC0-4924-9C57-4ED333A81769}.Release|Any CPU.Build.0 = Release|Any CPU
		{548590FC-A10F-42B2-BC77-3D5206247AD1}.Debug|Any CPU.ActiveCfg = Debug|Any CPU
		{548590FC-A10F-42B2-BC77-3D5206247AD1}.Debug|Any CPU.Build.0 = Debug|Any CPU
		{548590FC-A10F-42B2-BC77-3D5206247AD1}.Release|Any CPU.ActiveCfg = Release|Any CPU
		{548590FC-A10F-42B2-BC77-3D5206247AD1}.Release|Any CPU.Build.0 = Release|Any CPU
		{2ABE99F4-7FBB-47E5-AA4D-7246598D5CF1}.Debug|Any CPU.ActiveCfg = Debug|Any CPU
		{2ABE99F4-7FBB-47E5-AA4D-7246598D5CF1}.Debug|Any CPU.Build.0 = Debug|Any CPU
		{2ABE99F4-7FBB-47E5-AA4D-7246598D5CF1}.Release|Any CPU.ActiveCfg = Release|Any CPU
		{2ABE99F4-7FBB-47E5-AA4D-7246598D5CF1}.Release|Any CPU.Build.0 = Release|Any CPU
		{3F4F9412-FBA9-45FA-8E21-8232B43E0636}.Debug|Any CPU.ActiveCfg = Debug|Any CPU
		{3F4F9412-FBA9-45FA-8E21-8232B43E0636}.Debug|Any CPU.Build.0 = Debug|Any CPU
		{3F4F9412-FBA9-45FA-8E21-8232B43E0636}.Release|Any CPU.ActiveCfg = Release|Any CPU
		{3F4F9412-FBA9-45FA-8E21-8232B43E0636}.Release|Any CPU.Build.0 = Release|Any CPU
		{66E8EE9F-1FEA-401E-90F3-722C0B8CB393}.Debug|Any CPU.ActiveCfg = Debug|Any CPU
		{66E8EE9F-1FEA-401E-90F3-722C0B8CB393}.Debug|Any CPU.Build.0 = Debug|Any CPU
		{66E8EE9F-1FEA-401E-90F3-722C0B8CB393}.Release|Any CPU.ActiveCfg = Release|Any CPU
		{66E8EE9F-1FEA-401E-90F3-722C0B8CB393}.Release|Any CPU.Build.0 = Release|Any CPU
		{0459D062-7651-4887-B799-ED3902016981}.Debug|Any CPU.ActiveCfg = Debug|Any CPU
		{0459D062-7651-4887-B799-ED3902016981}.Debug|Any CPU.Build.0 = Debug|Any CPU
		{0459D062-7651-4887-B799-ED3902016981}.Release|Any CPU.ActiveCfg = Release|Any CPU
		{0459D062-7651-4887-B799-ED3902016981}.Release|Any CPU.Build.0 = Release|Any CPU
		{13495863-05F1-43DA-89C9-125344A344BD}.Debug|Any CPU.ActiveCfg = Debug|Any CPU
		{13495863-05F1-43DA-89C9-125344A344BD}.Debug|Any CPU.Build.0 = Debug|Any CPU
		{13495863-05F1-43DA-89C9-125344A344BD}.Release|Any CPU.ActiveCfg = Release|Any CPU
		{13495863-05F1-43DA-89C9-125344A344BD}.Release|Any CPU.Build.0 = Release|Any CPU
		{FA05C094-627A-4057-AA2E-5A72743B0CC7}.Debug|Any CPU.ActiveCfg = Debug|Any CPU
		{FA05C094-627A-4057-AA2E-5A72743B0CC7}.Debug|Any CPU.Build.0 = Debug|Any CPU
		{FA05C094-627A-4057-AA2E-5A72743B0CC7}.Release|Any CPU.ActiveCfg = Release|Any CPU
		{FA05C094-627A-4057-AA2E-5A72743B0CC7}.Release|Any CPU.Build.0 = Release|Any CPU
		{F470B7EC-600D-4C79-9C75-E1B4176B4959}.Debug|Any CPU.ActiveCfg = Debug|Any CPU
		{F470B7EC-600D-4C79-9C75-E1B4176B4959}.Debug|Any CPU.Build.0 = Debug|Any CPU
		{F470B7EC-600D-4C79-9C75-E1B4176B4959}.Release|Any CPU.ActiveCfg = Release|Any CPU
		{F470B7EC-600D-4C79-9C75-E1B4176B4959}.Release|Any CPU.Build.0 = Release|Any CPU
	EndGlobalSection
	GlobalSection(SolutionProperties) = preSolution
		HideSolutionNode = FALSE
	EndGlobalSection
	GlobalSection(ExtensibilityGlobals) = postSolution
		SolutionGuid = {4CE537B8-7BF9-4C44-B058-C68AF964D2D0}
	EndGlobalSection
EndGlobal
